
Microsoft Visual Studio Solution File, Format Version 12.00
# Visual Studio Version 17
VisualStudioVersion = 17.13.35913.81 d17.13
MinimumVisualStudioVersion = 10.0.40219.1
Project("{8BC9CEB8-8B4A-11D0-8D11-00A0C91BC942}") = "20250404", "20250404\20250404.vcxproj", "{B7A088DB-31DC-4448-9308-E385861C0757}"
EndProject
Global
	GlobalSection(SolutionConfigurationPlatforms) = preSolution
		Debug|x64 = Debug|x64
		Debug|x86 = Debug|x86
		Release|x64 = Release|x64
		Release|x86 = Release|x86
	EndGlobalSection
	GlobalSection(ProjectConfigurationPlatforms) = postSolution
		{B7A088DB-31DC-4448-9308-E385861C0757}.Debug|x64.ActiveCfg = Debug|x64
		{B7A088DB-31DC-4448-9308-E385861C0757}.Debug|x64.Build.0 = Debug|x64
		{B7A088DB-31DC-4448-9308-E385861C0757}.Debug|x86.ActiveCfg = Debug|Win32
		{B7A088DB-31DC-4448-9308-E385861C0757}.Debug|x86.Build.0 = Debug|Win32
		{B7A088DB-31DC-4448-9308-E385861C0757}.Release|x64.ActiveCfg = Release|x64
		{B7A088DB-31DC-4448-9308-E385861C0757}.Release|x64.Build.0 = Release|x64
		{B7A088DB-31DC-4448-9308-E385861C0757}.Release|x86.ActiveCfg = Release|Win32
		{B7A088DB-31DC-4448-9308-E385861C0757}.Release|x86.Build.0 = Release|Win32
	EndGlobalSection
	GlobalSection(SolutionProperties) = preSolution
		HideSolutionNode = FALSE
	EndGlobalSection
	GlobalSection(ExtensibilityGlobals) = postSolution
		SolutionGuid = {4ADE09D7-CB6F-4F01-A48A-4ECD88F30D89}
	EndGlobalSection
EndGlobal
