
Microsoft Visual Studio Solution File, Format Version 12.00
# Visual Studio Version 17
VisualStudioVersion = 17.13.35919.96 d17.13
MinimumVisualStudioVersion = 10.0.40219.1
Project("{8BC9CEB8-8B4A-11D0-8D11-00A0C91BC942}") = "20250407", "20250407\20250407.vcxproj", "{0C00773F-A9AC-41EA-8D31-43D23637C520}"
EndProject
Global
	GlobalSection(SolutionConfigurationPlatforms) = preSolution
		Debug|x64 = Debug|x64
		Debug|x86 = Debug|x86
		Release|x64 = Release|x64
		Release|x86 = Release|x86
	EndGlobalSection
	GlobalSection(ProjectConfigurationPlatforms) = postSolution
		{0C00773F-A9AC-41EA-8D31-43D23637C520}.Debug|x64.ActiveCfg = Debug|x64
		{0C00773F-A9AC-41EA-8D31-43D23637C520}.Debug|x64.Build.0 = Debug|x64
		{0C00773F-A9AC-41EA-8D31-43D23637C520}.Debug|x86.ActiveCfg = Debug|Win32
		{0C00773F-A9AC-41EA-8D31-43D23637C520}.Debug|x86.Build.0 = Debug|Win32
		{0C00773F-A9AC-41EA-8D31-43D23637C520}.Release|x64.ActiveCfg = Release|x64
		{0C00773F-A9AC-41EA-8D31-43D23637C520}.Release|x64.Build.0 = Release|x64
		{0C00773F-A9AC-41EA-8D31-43D23637C520}.Release|x86.ActiveCfg = Release|Win32
		{0C00773F-A9AC-41EA-8D31-43D23637C520}.Release|x86.Build.0 = Release|Win32
	EndGlobalSection
	GlobalSection(SolutionProperties) = preSolution
		HideSolutionNode = FALSE
	EndGlobalSection
	GlobalSection(ExtensibilityGlobals) = postSolution
		SolutionGuid = {D70495E2-442F-4A14-806D-BF13A2660F9A}
	EndGlobalSection
EndGlobal
